# DO NOT EDIT MANUALLY - Managed by Fern Replay
version: "1.0"
generations:
  - commit_sha: de316f0260ef1fa7c3626cbe771b167fd119439c
    tree_hash: 8a8087896ee9fee5f1d6bb4c86a8f007a0a4f12f
    timestamp: 2026-04-15T02:35:39.193Z
    cli_version: unknown
    generator_versions: {}
current_generation: de316f0260ef1fa7c3626cbe771b167fd119439c
patches: []
